// !$*UTF8*$!
{
	archiveVersion = 1;
	classes = {
	};
	objectVersion = 48;
	objects = {

/* Begin PBXBuildFile section */
		233182AC1EFDC0A700757F8F /* AppDelegate.swift in Sources */ = {isa = PBXBuildFile; fileRef = 233182AB1EFDC0A700757F8F /* AppDelegate.swift */; };
		233182B31EFDC0A700757F8F /* Assets.xcassets in Resources */ = {isa = PBXBuildFile; fileRef = 233182B21EFDC0A700757F8F /* Assets.xcassets */; };
		233182B61EFDC0A700757F8F /* LaunchScreen.storyboard in Resources */ = {isa = PBXBuildFile; fileRef = 233182B41EFDC0A700757F8F /* LaunchScreen.storyboard */; };
		233182C11EFDC0A700757F8F /* VisualRecognitionTests.swift in Sources */ = {isa = PBXBuildFile; fileRef = 233182C01EFDC0A700757F8F /* VisualRecognitionTests.swift */; };
		233182CC1EFDC0A700757F8F /* VisualRecognitionUITests.swift in Sources */ = {isa = PBXBuildFile; fileRef = 233182CB1EFDC0A700757F8F /* VisualRecognitionUITests.swift */; };
		233625211EFE02250012AF39 /* CameraViewController.swift in Sources */ = {isa = PBXBuildFile; fileRef = 233625201EFE008D0012AF39 /* CameraViewController.swift */; };
		2336252A1EFE03F70012AF39 /* PulleyPassthroughScrollView.swift in Sources */ = {isa = PBXBuildFile; fileRef = 233625291EFE03CD0012AF39 /* PulleyPassthroughScrollView.swift */; };
		2336252B1EFE03F70012AF39 /* PulleyViewController.swift in Sources */ = {isa = PBXBuildFile; fileRef = 233625281EFE03CD0012AF39 /* PulleyViewController.swift */; };
		2336252C1EFE03F70012AF39 /* ProgressBar.swift in Sources */ = {isa = PBXBuildFile; fileRef = 233625261EFE03780012AF39 /* ProgressBar.swift */; };
		2336252D1EFE03F70012AF39 /* ResultsTableViewController.swift in Sources */ = {isa = PBXBuildFile; fileRef = 233625271EFE03780012AF39 /* ResultsTableViewController.swift */; };
		2336252E1EFE03F70012AF39 /* ResultTableViewCell.swift in Sources */ = {isa = PBXBuildFile; fileRef = 233625231EFE03780012AF39 /* ResultTableViewCell.swift */; };
		233625481EFEE6260012AF39 /* Main.storyboard in Resources */ = {isa = PBXBuildFile; fileRef = 233625461EFEE5E80012AF39 /* Main.storyboard */; };
		3FD3AC6E2227012A00F5FC91 /* Radiador.mlmodel in Sources */ = {isa = PBXBuildFile; fileRef = 3FD3AC6D2227012A00F5FC91 /* Radiador.mlmodel */; };
/* End PBXBuildFile section */

/* Begin PBXContainerItemProxy section */
		233182BD1EFDC0A700757F8F /* PBXContainerItemProxy */ = {
			isa = PBXContainerItemProxy;
			containerPortal = 233182A01EFDC0A700757F8F /* Project object */;
			proxyType = 1;
			remoteGlobalIDString = 233182A71EFDC0A700757F8F;
			remoteInfo = VisualRecognition;
		};
		233182C81EFDC0A700757F8F /* PBXContainerItemProxy */ = {
			isa = PBXContainerItemProxy;
			containerPortal = 233182A01EFDC0A700757F8F /* Project object */;
			proxyType = 1;
			remoteGlobalIDString = 233182A71EFDC0A700757F8F;
			remoteInfo = VisualRecognition;
		};
/* End PBXContainerItemProxy section */

/* Begin PBXFileReference section */
		233182A81EFDC0A700757F8F /* VisualRecognition.app */ = {isa = PBXFileReference; explicitFileType = wrapper.application; includeInIndex = 0; path = VisualRecognition.app; sourceTree = BUILT_PRODUCTS_DIR; };
		233182AB1EFDC0A700757F8F /* AppDelegate.swift */ = {isa = PBXFileReference; lastKnownFileType = sourcecode.swift; path = AppDelegate.swift; sourceTree = "<group>"; };
		233182B21EFDC0A700757F8F /* Assets.xcassets */ = {isa = PBXFileReference; lastKnownFileType = folder.assetcatalog; path = Assets.xcassets; sourceTree = "<group>"; };
		233182B51EFDC0A700757F8F /* Base */ = {isa = PBXFileReference; lastKnownFileType = file.storyboard; name = Base; path = Base.lproj/LaunchScreen.storyboard; sourceTree = "<group>"; };
		233182B71EFDC0A700757F8F /* Info.plist */ = {isa = PBXFileReference; lastKnownFileType = text.plist.xml; path = Info.plist; sourceTree = "<group>"; };
		233182BC1EFDC0A700757F8F /* VisualRecognitionTests.xctest */ = {isa = PBXFileReference; explicitFileType = wrapper.cfbundle; includeInIndex = 0; path = VisualRecognitionTests.xctest; sourceTree = BUILT_PRODUCTS_DIR; };
		233182C01EFDC0A700757F8F /* VisualRecognitionTests.swift */ = {isa = PBXFileReference; lastKnownFileType = sourcecode.swift; path = VisualRecognitionTests.swift; sourceTree = "<group>"; };
		233182C21EFDC0A700757F8F /* Info.plist */ = {isa = PBXFileReference; lastKnownFileType = text.plist.xml; path = Info.plist; sourceTree = "<group>"; };
		233182C71EFDC0A700757F8F /* VisualRecognitionUITests.xctest */ = {isa = PBXFileReference; explicitFileType = wrapper.cfbundle; includeInIndex = 0; path = VisualRecognitionUITests.xctest; sourceTree = BUILT_PRODUCTS_DIR; };
		233182CB1EFDC0A700757F8F /* VisualRecognitionUITests.swift */ = {isa = PBXFileReference; lastKnownFileType = sourcecode.swift; path = VisualRecognitionUITests.swift; sourceTree = "<group>"; };
		233182CD1EFDC0A700757F8F /* Info.plist */ = {isa = PBXFileReference; lastKnownFileType = text.plist.xml; path = Info.plist; sourceTree = "<group>"; };
		233625201EFE008D0012AF39 /* CameraViewController.swift */ = {isa = PBXFileReference; lastKnownFileType = sourcecode.swift; path = CameraViewController.swift; sourceTree = "<group>"; };
		233625231EFE03780012AF39 /* ResultTableViewCell.swift */ = {isa = PBXFileReference; lastKnownFileType = sourcecode.swift; path = ResultTableViewCell.swift; sourceTree = "<group>"; };
		233625261EFE03780012AF39 /* ProgressBar.swift */ = {isa = PBXFileReference; lastKnownFileType = sourcecode.swift; path = ProgressBar.swift; sourceTree = "<group>"; };
		233625271EFE03780012AF39 /* ResultsTableViewController.swift */ = {isa = PBXFileReference; lastKnownFileType = sourcecode.swift; path = ResultsTableViewController.swift; sourceTree = "<group>"; };
		233625281EFE03CD0012AF39 /* PulleyViewController.swift */ = {isa = PBXFileReference; lastKnownFileType = sourcecode.swift; path = PulleyViewController.swift; sourceTree = "<group>"; };
		233625291EFE03CD0012AF39 /* PulleyPassthroughScrollView.swift */ = {isa = PBXFileReference; lastKnownFileType = sourcecode.swift; path = PulleyPassthroughScrollView.swift; sourceTree = "<group>"; };
		233625471EFEE5E80012AF39 /* Base */ = {isa = PBXFileReference; lastKnownFileType = file.storyboard; name = Base; path = Base.lproj/Main.storyboard; sourceTree = "<group>"; };
		3FD3AC6D2227012A00F5FC91 /* Radiador.mlmodel */ = {isa = PBXFileReference; lastKnownFileType = file.mlmodel; name = Radiador.mlmodel; path = VisualRecognition/Radiador.mlmodel; sourceTree = SOURCE_ROOT; };
/* End PBXFileReference section */

/* Begin PBXFrameworksBuildPhase section */
		233182A51EFDC0A700757F8F /* Frameworks */ = {
			isa = PBXFrameworksBuildPhase;
			buildActionMask = 2147483647;
			files = (
			);
			runOnlyForDeploymentPostprocessing = 0;
		};
		233182B91EFDC0A700757F8F /* Frameworks */ = {
			isa = PBXFrameworksBuildPhase;
			buildActionMask = 2147483647;
			files = (
			);
			runOnlyForDeploymentPostprocessing = 0;
		};
		233182C41EFDC0A700757F8F /* Frameworks */ = {
			isa = PBXFrameworksBuildPhase;
			buildActionMask = 2147483647;
			files = (
			);
			runOnlyForDeploymentPostprocessing = 0;
		};
/* End PBXFrameworksBuildPhase section */

/* Begin PBXGroup section */
		2331829F1EFDC0A700757F8F = {
			isa = PBXGroup;
			children = (
				233182AA1EFDC0A700757F8F /* VisualRecognition */,
				233182BF1EFDC0A700757F8F /* VisualRecognitionTests */,
				233182CA1EFDC0A700757F8F /* VisualRecognitionUITests */,
				233182A91EFDC0A700757F8F /* Products */,
			);
			sourceTree = "<group>";
		};
		233182A91EFDC0A700757F8F /* Products */ = {
			isa = PBXGroup;
			children = (
				233182A81EFDC0A700757F8F /* VisualRecognition.app */,
				233182BC1EFDC0A700757F8F /* VisualRecognitionTests.xctest */,
				233182C71EFDC0A700757F8F /* VisualRecognitionUITests.xctest */,
			);
			name = Products;
			sourceTree = "<group>";
		};
		233182AA1EFDC0A700757F8F /* VisualRecognition */ = {
			isa = PBXGroup;
			children = (
				3FD3AC6D2227012A00F5FC91 /* Radiador.mlmodel */,
				233182AB1EFDC0A700757F8F /* AppDelegate.swift */,
				233625361EFEE2B40012AF39 /* ExtraViews */,
				233625271EFE03780012AF39 /* ResultsTableViewController.swift */,
				233625231EFE03780012AF39 /* ResultTableViewCell.swift */,
				233625201EFE008D0012AF39 /* CameraViewController.swift */,
				233625461EFEE5E80012AF39 /* Main.storyboard */,
				233182B21EFDC0A700757F8F /* Assets.xcassets */,
				233182B41EFDC0A700757F8F /* LaunchScreen.storyboard */,
				233182B71EFDC0A700757F8F /* Info.plist */,
			);
			path = VisualRecognition;
			sourceTree = "<group>";
		};
		233182BF1EFDC0A700757F8F /* VisualRecognitionTests */ = {
			isa = PBXGroup;
			children = (
				233182C01EFDC0A700757F8F /* VisualRecognitionTests.swift */,
				233182C21EFDC0A700757F8F /* Info.plist */,
			);
			path = VisualRecognitionTests;
			sourceTree = "<group>";
		};
		233182CA1EFDC0A700757F8F /* VisualRecognitionUITests */ = {
			isa = PBXGroup;
			children = (
				233182CB1EFDC0A700757F8F /* VisualRecognitionUITests.swift */,
				233182CD1EFDC0A700757F8F /* Info.plist */,
			);
			path = VisualRecognitionUITests;
			sourceTree = "<group>";
		};
		233625361EFEE2B40012AF39 /* ExtraViews */ = {
			isa = PBXGroup;
			children = (
				233625261EFE03780012AF39 /* ProgressBar.swift */,
				233625281EFE03CD0012AF39 /* PulleyViewController.swift */,
				233625291EFE03CD0012AF39 /* PulleyPassthroughScrollView.swift */,
			);
			name = ExtraViews;
			sourceTree = "<group>";
		};
/* End PBXGroup section */

/* Begin PBXNativeTarget section */
		233182A71EFDC0A700757F8F /* VisualRecognition */ = {
			isa = PBXNativeTarget;
			buildConfigurationList = 233182D01EFDC0A700757F8F /* Build configuration list for PBXNativeTarget "VisualRecognition" */;
			buildPhases = (
				233182A41EFDC0A700757F8F /* Sources */,
				233182A51EFDC0A700757F8F /* Frameworks */,
				233182A61EFDC0A700757F8F /* Resources */,
			);
			buildRules = (
			);
			dependencies = (
			);
			name = VisualRecognition;
			productName = VisualRecognition;
			productReference = 233182A81EFDC0A700757F8F /* VisualRecognition.app */;
			productType = "com.apple.product-type.application";
		};
		233182BB1EFDC0A700757F8F /* VisualRecognitionTests */ = {
			isa = PBXNativeTarget;
			buildConfigurationList = 233182D31EFDC0A700757F8F /* Build configuration list for PBXNativeTarget "VisualRecognitionTests" */;
			buildPhases = (
				233182B81EFDC0A700757F8F /* Sources */,
				233182B91EFDC0A700757F8F /* Frameworks */,
				233182BA1EFDC0A700757F8F /* Resources */,
			);
			buildRules = (
			);
			dependencies = (
				233182BE1EFDC0A700757F8F /* PBXTargetDependency */,
			);
			name = VisualRecognitionTests;
			productName = VisualRecognitionTests;
			productReference = 233182BC1EFDC0A700757F8F /* VisualRecognitionTests.xctest */;
			productType = "com.apple.product-type.bundle.unit-test";
		};
		233182C61EFDC0A700757F8F /* VisualRecognitionUITests */ = {
			isa = PBXNativeTarget;
			buildConfigurationList = 233182D61EFDC0A700757F8F /* Build configuration list for PBXNativeTarget "VisualRecognitionUITests" */;
			buildPhases = (
				233182C31EFDC0A700757F8F /* Sources */,
				233182C41EFDC0A700757F8F /* Frameworks */,
				233182C51EFDC0A700757F8F /* Resources */,
			);
			buildRules = (
			);
			dependencies = (
				233182C91EFDC0A700757F8F /* PBXTargetDependency */,
			);
			name = VisualRecognitionUITests;
			productName = VisualRecognitionUITests;
			productReference = 233182C71EFDC0A700757F8F /* VisualRecognitionUITests.xctest */;
			productType = "com.apple.product-type.bundle.ui-testing";
		};
/* End PBXNativeTarget section */

/* Begin PBXProject section */
		233182A01EFDC0A700757F8F /* Project object */ = {
			isa = PBXProject;
			attributes = {
				LastSwiftUpdateCheck = 0900;
				LastUpgradeCheck = 0900;
				ORGANIZATIONNAME = "Nicholas Bourdakos";
				TargetAttributes = {
					233182A71EFDC0A700757F8F = {
						CreatedOnToolsVersion = 9.0;
						ProvisioningStyle = Automatic;
					};
					233182BB1EFDC0A700757F8F = {
						CreatedOnToolsVersion = 9.0;
						TestTargetID = 233182A71EFDC0A700757F8F;
					};
					233182C61EFDC0A700757F8F = {
						CreatedOnToolsVersion = 9.0;
						TestTargetID = 233182A71EFDC0A700757F8F;
					};
				};
			};
			buildConfigurationList = 233182A31EFDC0A700757F8F /* Build configuration list for PBXProject "VisualRecognition" */;
			compatibilityVersion = "Xcode 8.0";
			developmentRegion = en;
			hasScannedForEncodings = 0;
			knownRegions = (
				en,
				Base,
			);
			mainGroup = 2331829F1EFDC0A700757F8F;
			productRefGroup = 233182A91EFDC0A700757F8F /* Products */;
			projectDirPath = "";
			projectRoot = "";
			targets = (
				233182A71EFDC0A700757F8F /* VisualRecognition */,
				233182BB1EFDC0A700757F8F /* VisualRecognitionTests */,
				233182C61EFDC0A700757F8F /* VisualRecognitionUITests */,
			);
		};
/* End PBXProject section */

/* Begin PBXResourcesBuildPhase section */
		233182A61EFDC0A700757F8F /* Resources */ = {
			isa = PBXResourcesBuildPhase;
			buildActionMask = 2147483647;
			files = (
				233625481EFEE6260012AF39 /* Main.storyboard in Resources */,
				233182B61EFDC0A700757F8F /* LaunchScreen.storyboard in Resources */,
				233182B31EFDC0A700757F8F /* Assets.xcassets in Resources */,
			);
			runOnlyForDeploymentPostprocessing = 0;
		};
		233182BA1EFDC0A700757F8F /* Resources */ = {
			isa = PBXResourcesBuildPhase;
			buildActionMask = 2147483647;
			files = (
			);
			runOnlyForDeploymentPostprocessing = 0;
		};
		233182C51EFDC0A700757F8F /* Resources */ = {
			isa = PBXResourcesBuildPhase;
			buildActionMask = 2147483647;
			files = (
			);
			runOnlyForDeploymentPostprocessing = 0;
		};
/* End PBXResourcesBuildPhase section */

/* Begin PBXSourcesBuildPhase section */
		233182A41EFDC0A700757F8F /* Sources */ = {
			isa = PBXSourcesBuildPhase;
			buildActionMask = 2147483647;
			files = (
				2336252A1EFE03F70012AF39 /* PulleyPassthroughScrollView.swift in Sources */,
				2336252B1EFE03F70012AF39 /* PulleyViewController.swift in Sources */,
				2336252C1EFE03F70012AF39 /* ProgressBar.swift in Sources */,
				2336252D1EFE03F70012AF39 /* ResultsTableViewController.swift in Sources */,
				2336252E1EFE03F70012AF39 /* ResultTableViewCell.swift in Sources */,
				233625211EFE02250012AF39 /* CameraViewController.swift in Sources */,
				3FD3AC6E2227012A00F5FC91 /* Radiador.mlmodel in Sources */,
				233182AC1EFDC0A700757F8F /* AppDelegate.swift in Sources */,
			);
			runOnlyForDeploymentPostprocessing = 0;
		};
		233182B81EFDC0A700757F8F /* Sources */ = {
			isa = PBXSourcesBuildPhase;
			buildActionMask = 2147483647;
			files = (
				233182C11EFDC0A700757F8F /* VisualRecognitionTests.swift in Sources */,
			);
			runOnlyForDeploymentPostprocessing = 0;
		};
		233182C31EFDC0A700757F8F /* Sources */ = {
			isa = PBXSourcesBuildPhase;
			buildActionMask = 2147483647;
			files = (
				233182CC1EFDC0A700757F8F /* VisualRecognitionUITests.swift in Sources */,
			);
			runOnlyForDeploymentPostprocessing = 0;
		};
/* End PBXSourcesBuildPhase section */

/* Begin PBXTargetDependency section */
		233182BE1EFDC0A700757F8F /* PBXTargetDependency */ = {
			isa = PBXTargetDependency;
			target = 233182A71EFDC0A700757F8F /* VisualRecognition */;
			targetProxy = 233182BD1EFDC0A700757F8F /* PBXContainerItemProxy */;
		};
		233182C91EFDC0A700757F8F /* PBXTargetDependency */ = {
			isa = PBXTargetDependency;
			target = 233182A71EFDC0A700757F8F /* VisualRecognition */;
			targetProxy = 233182C81EFDC0A700757F8F /* PBXContainerItemProxy */;
		};
/* End PBXTargetDependency section */

/* Begin PBXVariantGroup section */
		233182B41EFDC0A700757F8F /* LaunchScreen.storyboard */ = {
			isa = PBXVariantGroup;
			children = (
				233182B51EFDC0A700757F8F /* Base */,
			);
			name = LaunchScreen.storyboard;
			sourceTree = "<group>";
		};
		233625461EFEE5E80012AF39 /* Main.storyboard */ = {
			isa = PBXVariantGroup;
			children = (
				233625471EFEE5E80012AF39 /* Base */,
			);
			name = Main.storyboard;
			sourceTree = "<group>";
		};
/* End PBXVariantGroup section */

/* Begin XCBuildConfiguration section */
		233182CE1EFDC0A700757F8F /* Debug */ = {
			isa = XCBuildConfiguration;
			buildSettings = {
				ALWAYS_SEARCH_USER_PATHS = NO;
				CLANG_ANALYZER_NONNULL = YES;
				CLANG_ANALYZER_NUMBER_OBJECT_CONVERSION = YES_AGGRESSIVE;
				CLANG_CXX_LANGUAGE_STANDARD = "gnu++14";
				CLANG_CXX_LIBRARY = "libc++";
				CLANG_ENABLE_MODULES = YES;
				CLANG_ENABLE_OBJC_ARC = YES;
				CLANG_WARN_BLOCK_CAPTURE_AUTORELEASING = YES;
				CLANG_WARN_BOOL_CONVERSION = YES;
				CLANG_WARN_COMMA = YES;
				CLANG_WARN_CONSTANT_CONVERSION = YES;
				CLANG_WARN_DIRECT_OBJC_ISA_USAGE = YES_ERROR;
				CLANG_WARN_DOCUMENTATION_COMMENTS = YES;
				CLANG_WARN_EMPTY_BODY = YES;
				CLANG_WARN_ENUM_CONVERSION = YES;
				CLANG_WARN_INFINITE_RECURSION = YES;
				CLANG_WARN_INT_CONVERSION = YES;
				CLANG_WARN_NON_LITERAL_NULL_CONVERSION = YES;
				CLANG_WARN_OBJC_LITERAL_CONVERSION = YES;
				CLANG_WARN_OBJC_ROOT_CLASS = YES_ERROR;
				CLANG_WARN_RANGE_LOOP_ANALYSIS = YES;
				CLANG_WARN_STRICT_PROTOTYPES = YES;
				CLANG_WARN_SUSPICIOUS_MOVE = YES;
				CLANG_WARN_UNGUARDED_AVAILABILITY = YES_AGGRESSIVE;
				CLANG_WARN_UNREACHABLE_CODE = YES;
				CLANG_WARN__DUPLICATE_METHOD_MATCH = YES;
				CODE_SIGN_IDENTITY = "iPhone Developer";
				COPY_PHASE_STRIP = NO;
				DEBUG_INFORMATION_FORMAT = dwarf;
				ENABLE_STRICT_OBJC_MSGSEND = YES;
				ENABLE_TESTABILITY = YES;
				GCC_C_LANGUAGE_STANDARD = gnu11;
				GCC_DYNAMIC_NO_PIC = NO;
				GCC_NO_COMMON_BLOCKS = YES;
				GCC_OPTIMIZATION_LEVEL = 0;
				GCC_PREPROCESSOR_DEFINITIONS = (
					"DEBUG=1",
					"$(inherited)",
				);
				GCC_WARN_64_TO_32_BIT_CONVERSION = YES;
				GCC_WARN_ABOUT_RETURN_TYPE = YES_ERROR;
				GCC_WARN_UNDECLARED_SELECTOR = YES;
				GCC_WARN_UNINITIALIZED_AUTOS = YES_AGGRESSIVE;
				GCC_WARN_UNUSED_FUNCTION = YES;
				GCC_WARN_UNUSED_VARIABLE = YES;
				IPHONEOS_DEPLOYMENT_TARGET = 11.0;
				MTL_ENABLE_DEBUG_INFO = YES;
				ONLY_ACTIVE_ARCH = YES;
				SDKROOT = iphoneos;
				SWIFT_ACTIVE_COMPILATION_CONDITIONS = DEBUG;
				SWIFT_OPTIMIZATION_LEVEL = "-Onone";
			};
			name = Debug;
		};
		233182CF1EFDC0A700757F8F /* Release */ = {
			isa = XCBuildConfiguration;
			buildSettings = {
				ALWAYS_SEARCH_USER_PATHS = NO;
				CLANG_ANALYZER_NONNULL = YES;
				CLANG_ANALYZER_NUMBER_OBJECT_CONVERSION = YES_AGGRESSIVE;
				CLANG_CXX_LANGUAGE_STANDARD = "gnu++14";
				CLANG_CXX_LIBRARY = "libc++";
				CLANG_ENABLE_MODULES = YES;
				CLANG_ENABLE_OBJC_ARC = YES;
				CLANG_WARN_BLOCK_CAPTURE_AUTORELEASING = YES;
				CLANG_WARN_BOOL_CONVERSION = YES;
				CLANG_WARN_COMMA = YES;
				CLANG_WARN_CONSTANT_CONVERSION = YES;
				CLANG_WARN_DIRECT_OBJC_ISA_USAGE = YES_ERROR;
				CLANG_WARN_DOCUMENTATION_COMMENTS = YES;
				CLANG_WARN_EMPTY_BODY = YES;
				CLANG_WARN_ENUM_CONVERSION = YES;
				CLANG_WARN_INFINITE_RECURSION = YES;
				CLANG_WARN_INT_CONVERSION = YES;
				CLANG_WARN_NON_LITERAL_NULL_CONVERSION = YES;
				CLANG_WARN_OBJC_LITERAL_CONVERSION = YES;
				CLANG_WARN_OBJC_ROOT_CLASS = YES_ERROR;
				CLANG_WARN_RANGE_LOOP_ANALYSIS = YES;
				CLANG_WARN_STRICT_PROTOTYPES = YES;
				CLANG_WARN_SUSPICIOUS_MOVE = YES;
				CLANG_WARN_UNGUARDED_AVAILABILITY = YES_AGGRESSIVE;
				CLANG_WARN_UNREACHABLE_CODE = YES;
				CLANG_WARN__DUPLICATE_METHOD_MATCH = YES;
				CODE_SIGN_IDENTITY = "iPhone Developer";
				COPY_PHASE_STRIP = NO;
				DEBUG_INFORMATION_FORMAT = "dwarf-with-dsym";
				ENABLE_NS_ASSERTIONS = NO;
				ENABLE_STRICT_OBJC_MSGSEND = YES;
				GCC_C_LANGUAGE_STANDARD = gnu11;
				GCC_NO_COMMON_BLOCKS = YES;
				GCC_WARN_64_TO_32_BIT_CONVERSION = YES;
				GCC_WARN_ABOUT_RETURN_TYPE = YES_ERROR;
				GCC_WARN_UNDECLARED_SELECTOR = YES;
				GCC_WARN_UNINITIALIZED_AUTOS = YES_AGGRESSIVE;
				GCC_WARN_UNUSED_FUNCTION = YES;
				GCC_WARN_UNUSED_VARIABLE = YES;
				IPHONEOS_DEPLOYMENT_TARGET = 11.0;
				MTL_ENABLE_DEBUG_INFO = NO;
				SDKROOT = iphoneos;
				SWIFT_OPTIMIZATION_LEVEL = "-Owholemodule";
				VALIDATE_PRODUCT = YES;
			};
			name = Release;
		};
		233182D11EFDC0A700757F8F /* Debug */ = {
			isa = XCBuildConfiguration;
			buildSettings = {
				ASSETCATALOG_COMPILER_APPICON_NAME = AppIcon;
				CODE_SIGN_IDENTITY = "iPhone Developer";
				CODE_SIGN_STYLE = Automatic;
				DEVELOPMENT_TEAM = E3VLJG387M;
				INFOPLIST_FILE = VisualRecognition/Info.plist;
				IPHONEOS_DEPLOYMENT_TARGET = 11.0;
				LD_RUNPATH_SEARCH_PATHS = "$(inherited) @executable_path/Frameworks";
				PRODUCT_BUNDLE_IDENTIFIER = com.watson.visualrecognition;
				PRODUCT_NAME = "$(TARGET_NAME)";
				PROVISIONING_PROFILE_SPECIFIER = "";
				SWIFT_VERSION = 4.0;
				TARGETED_DEVICE_FAMILY = "1,2";
			};
			name = Debug;
		};
		233182D21EFDC0A700757F8F /* Release */ = {
			isa = XCBuildConfiguration;
			buildSettings = {
				ASSETCATALOG_COMPILER_APPICON_NAME = AppIcon;
				CODE_SIGN_IDENTITY = "iPhone Developer";
				CODE_SIGN_STYLE = Automatic;
				DEVELOPMENT_TEAM = E3VLJG387M;
				INFOPLIST_FILE = VisualRecognition/Info.plist;
				IPHONEOS_DEPLOYMENT_TARGET = 11.0;
				LD_RUNPATH_SEARCH_PATHS = "$(inherited) @executable_path/Frameworks";
				PRODUCT_BUNDLE_IDENTIFIER = com.watson.visualrecognition;
				PRODUCT_NAME = "$(TARGET_NAME)";
				PROVISIONING_PROFILE_SPECIFIER = "";
				SWIFT_VERSION = 4.0;
				TARGETED_DEVICE_FAMILY = "1,2";
			};
			name = Release;
		};
		233182D41EFDC0A700757F8F /* Debug */ = {
			isa = XCBuildConfiguration;
			buildSettings = {
				ALWAYS_EMBED_SWIFT_STANDARD_LIBRARIES = YES;
				BUNDLE_LOADER = "$(TEST_HOST)";
				DEVELOPMENT_TEAM = KGK2UJBFUH;
				INFOPLIST_FILE = VisualRecognitionTests/Info.plist;
				LD_RUNPATH_SEARCH_PATHS = "$(inherited) @executable_path/Frameworks @loader_path/Frameworks";
				PRODUCT_BUNDLE_IDENTIFIER = com.rightnowlabs.VisualRecognitionTests;
				PRODUCT_NAME = "$(TARGET_NAME)";
				SWIFT_VERSION = 4.0;
				TARGETED_DEVICE_FAMILY = "1,2";
				TEST_HOST = "$(BUILT_PRODUCTS_DIR)/VisualRecognition.app/VisualRecognition";
			};
			name = Debug;
		};
		233182D51EFDC0A700757F8F /* Release */ = {
			isa = XCBuildConfiguration;
			buildSettings = {
				ALWAYS_EMBED_SWIFT_STANDARD_LIBRARIES = YES;
				BUNDLE_LOADER = "$(TEST_HOST)";
				DEVELOPMENT_TEAM = KGK2UJBFUH;
				INFOPLIST_FILE = VisualRecognitionTests/Info.plist;
				LD_RUNPATH_SEARCH_PATHS = "$(inherited) @executable_path/Frameworks @loader_path/Frameworks";
				PRODUCT_BUNDLE_IDENTIFIER = com.rightnowlabs.VisualRecognitionTests;
				PRODUCT_NAME = "$(TARGET_NAME)";
				SWIFT_VERSION = 4.0;
				TARGETED_DEVICE_FAMILY = "1,2";
				TEST_HOST = "$(BUILT_PRODUCTS_DIR)/VisualRecognition.app/VisualRecognition";
			};
			name = Release;
		};
		233182D71EFDC0A700757F8F /* Debug */ = {
			isa = XCBuildConfiguration;
			buildSettings = {
				ALWAYS_EMBED_SWIFT_STANDARD_LIBRARIES = YES;
				DEVELOPMENT_TEAM = KGK2UJBFUH;
				INFOPLIST_FILE = VisualRecognitionUITests/Info.plist;
				LD_RUNPATH_SEARCH_PATHS = "$(inherited) @executable_path/Frameworks @loader_path/Frameworks";
				PRODUCT_BUNDLE_IDENTIFIER = com.rightnowlabs.VisualRecognitionUITests;
				PRODUCT_NAME = "$(TARGET_NAME)";
				SWIFT_VERSION = 4.0;
				TARGETED_DEVICE_FAMILY = "1,2";
				TEST_TARGET_NAME = VisualRecognition;
			};
			name = Debug;
		};
		233182D81EFDC0A700757F8F /* Release */ = {
			isa = XCBuildConfiguration;
			buildSettings = {
				ALWAYS_EMBED_SWIFT_STANDARD_LIBRARIES = YES;
				DEVELOPMENT_TEAM = KGK2UJBFUH;
				INFOPLIST_FILE = VisualRecognitionUITests/Info.plist;
				LD_RUNPATH_SEARCH_PATHS = "$(inherited) @executable_path/Frameworks @loader_path/Frameworks";
				PRODUCT_BUNDLE_IDENTIFIER = com.rightnowlabs.VisualRecognitionUITests;
				PRODUCT_NAME = "$(TARGET_NAME)";
				SWIFT_VERSION = 4.0;
				TARGETED_DEVICE_FAMILY = "1,2";
				TEST_TARGET_NAME = VisualRecognition;
			};
			name = Release;
		};
/* End XCBuildConfiguration section */

/* Begin XCConfigurationList section */
		233182A31EFDC0A700757F8F /* Build configuration list for PBXProject "VisualRecognition" */ = {
			isa = XCConfigurationList;
			buildConfigurations = (
				233182CE1EFDC0A700757F8F /* Debug */,
				233182CF1EFDC0A700757F8F /* Release */,
			);
			defaultConfigurationIsVisible = 0;
			defaultConfigurationName = Release;
		};
		233182D01EFDC0A700757F8F /* Build configuration list for PBXNativeTarget "VisualRecognition" */ = {
			isa = XCConfigurationList;
			buildConfigurations = (
				233182D11EFDC0A700757F8F /* Debug */,
				233182D21EFDC0A700757F8F /* Release */,
			);
			defaultConfigurationIsVisible = 0;
			defaultConfigurationName = Release;
		};
		233182D31EFDC0A700757F8F /* Build configuration list for PBXNativeTarget "VisualRecognitionTests" */ = {
			isa = XCConfigurationList;
			buildConfigurations = (
				233182D41EFDC0A700757F8F /* Debug */,
				233182D51EFDC0A700757F8F /* Release */,
			);
			defaultConfigurationIsVisible = 0;
			defaultConfigurationName = Release;
		};
		233182D61EFDC0A700757F8F /* Build configuration list for PBXNativeTarget "VisualRecognitionUITests" */ = {
			isa = XCConfigurationList;
			buildConfigurations = (
				233182D71EFDC0A700757F8F /* Debug */,
				233182D81EFDC0A700757F8F /* Release */,
			);
			defaultConfigurationIsVisible = 0;
			defaultConfigurationName = Release;
		};
/* End XCConfigurationList section */
	};
	rootObject = 233182A01EFDC0A700757F8F /* Project object */;
}
